// !$*UTF8*$!
{
	archiveVersion = 1;
	classes = {
	};
	objectVersion = 46;
	objects = {

/* Begin PBXBuildFile section */
		0207DA581B56EA530066E2B4 /* Images.xcassets in Resources */ = {isa = PBXBuildFile; fileRef = 0207DA571B56EA530066E2B4 /* Images.xcassets */; };
		033BDBD273254B4485246B3B /* StoreKit.framework in Frameworks */ = {isa = PBXBuildFile; fileRef = 8C7AA92478A945D6B48DCC52 /* StoreKit.framework */; };
		070CD30BD29E44D681DF1CCA /* SystemConfiguration.framework in Frameworks */ = {isa = PBXBuildFile; fileRef = 29188A2D41E741208CA63F2D /* SystemConfiguration.framework */; };
		156C58F203824A1184E4B496 /* ChartboostPlugin.m in Sources */ = {isa = PBXBuildFile; fileRef = C187187BF02C4725823B5748 /* ChartboostPlugin.m */; };
		1D3623260D0F684500981E51 /* AppDelegate.m in Sources */ = {isa = PBXBuildFile; fileRef = 1D3623250D0F684500981E51 /* AppDelegate.m */; };
		1D60589B0D05DD56006BFB54 /* main.m in Sources */ = {isa = PBXBuildFile; fileRef = 29B97316FDCFA39411CA2CEA /* main.m */; };
		301BF552109A68D80062928A /* libCordova.a in Frameworks */ = {isa = PBXBuildFile; fileRef = 301BF535109A57CC0062928A /* libCordova.a */; };
		302D95F114D2391D003F00A1 /* MainViewController.m in Sources */ = {isa = PBXBuildFile; fileRef = 302D95EF14D2391D003F00A1 /* MainViewController.m */; };
		302D95F214D2391D003F00A1 /* MainViewController.xib in Resources */ = {isa = PBXBuildFile; fileRef = 302D95F014D2391D003F00A1 /* MainViewController.xib */; };
		3047A5121AB8059700498E2A /* build-debug.xcconfig in Resources */ = {isa = PBXBuildFile; fileRef = 3047A50F1AB8059700498E2A /* build-debug.xcconfig */; };
		3047A5131AB8059700498E2A /* build-release.xcconfig in Resources */ = {isa = PBXBuildFile; fileRef = 3047A5101AB8059700498E2A /* build-release.xcconfig */; };
		3047A5141AB8059700498E2A /* build.xcconfig in Resources */ = {isa = PBXBuildFile; fileRef = 3047A5111AB8059700498E2A /* build.xcconfig */; };
		549195E59C0941788B9CB0B3 /* Admob.m in Sources */ = {isa = PBXBuildFile; fileRef = A8DC0082277F49CEA9F5DC03 /* Admob.m */; };
		591F591F40874521BCF09184 /* CoreTelephony.framework in Frameworks */ = {isa = PBXBuildFile; fileRef = 6158614B7578461FA747BF81 /* CoreTelephony.framework */; };
		6CFDBA3E1FED4BFA9E9A1A60 /* AdSupport.framework in Frameworks */ = {isa = PBXBuildFile; fileRef = 9A899BC40F5E4E158408E6D5 /* AdSupport.framework */; };
		6DB436B2206E42A2814F18A6 /* CDVViewController+SplashScreen.m in Sources */ = {isa = PBXBuildFile; fileRef = 2CA97DCF9C4C41FCA68FE7AD /* CDVViewController+SplashScreen.m */; };
		71AC5C73DFA74188A24E985A /* Chartboost.framework in Frameworks */ = {isa = PBXBuildFile; fileRef = 4CCB347200AD46FEBA9815CD /* Chartboost.framework */; };
		7CFD1EDF1A904798941053BC /* libGoogleAdMobAds.a in Frameworks */ = {isa = PBXBuildFile; fileRef = 1C156752A23745F4A7CC5886 /* libGoogleAdMobAds.a */; };
		80D693975B9645E5BEEAEB71 /* CDVStatusBar.m in Sources */ = {isa = PBXBuildFile; fileRef = 7036AC948475431FBA26D948 /* CDVStatusBar.m */; };
		8F4C5521ECB142348B38C986 /* AudioToolbox.framework in Frameworks */ = {isa = PBXBuildFile; fileRef = 98389B3200284B52907715D3 /* AudioToolbox.framework */; };
		9AE10863AC5C40E8A0893EF8 /* EventKitUI.framework in Frameworks */ = {isa = PBXBuildFile; fileRef = B93A3842AFAF49E8BE12FC6E /* EventKitUI.framework */; };
		9C3B5B67D782408BA2C55AE2 /* EventKit.framework in Frameworks */ = {isa = PBXBuildFile; fileRef = B99075CB58D943EEBE4480F0 /* EventKit.framework */; };
		A1B49F2124D54CF3825D2DFC /* MessageUI.framework in Frameworks */ = {isa = PBXBuildFile; fileRef = A6853C36A33340359DE782D2 /* MessageUI.framework */; };
		D8F69E11E4924EB6B9FE8F10 /* Foundation.framework in Frameworks */ = {isa = PBXBuildFile; fileRef = 5B3F5F2E792A437AA3B1CF3A /* Foundation.framework */; };
		E6C9D7AF6AC442E487F18CDB /* CDVSplashScreen.m in Sources */ = {isa = PBXBuildFile; fileRef = BD259FBE133243CF93DF913F /* CDVSplashScreen.m */; };
		EDAA37D6A0FC4994A3F76FD1 /* UIKit.framework in Frameworks */ = {isa = PBXBuildFile; fileRef = 9FDF33C7D35447C6840F1297 /* UIKit.framework */; };
		FB7F43C57FCC413494145601 /* CDVDevice.m in Sources */ = {isa = PBXBuildFile; fileRef = 07B5671798394D3B95BED907 /* CDVDevice.m */; };
/* End PBXBuildFile section */

/* Begin PBXContainerItemProxy section */
		301BF534109A57CC0062928A /* PBXContainerItemProxy */ = {
			isa = PBXContainerItemProxy;
			containerPortal = 301BF52D109A57CC0062928A /* CordovaLib.xcodeproj */;
			proxyType = 2;
			remoteGlobalIDString = D2AAC07E0554694100DB518D;
			remoteInfo = CordovaLib;
		};
		301BF550109A68C00062928A /* PBXContainerItemProxy */ = {
			isa = PBXContainerItemProxy;
			containerPortal = 301BF52D109A57CC0062928A /* CordovaLib.xcodeproj */;
			proxyType = 1;
			remoteGlobalIDString = D2AAC07D0554694100DB518D;
			remoteInfo = CordovaLib;
		};
/* End PBXContainerItemProxy section */

/* Begin PBXFileReference section */
		0207DA571B56EA530066E2B4 /* Images.xcassets */ = {isa = PBXFileReference; lastKnownFileType = folder.assetcatalog; name = Images.xcassets; path = ColorValley/Images.xcassets; sourceTree = SOURCE_ROOT; };
		07B5671798394D3B95BED907 /* CDVDevice.m */ = {isa = PBXFileReference; explicitFileType = undefined; fileEncoding = 4; includeInIndex = 0; lastKnownFileType = sourcecode.c.objc; name = CDVDevice.m; path = "cordova-plugin-device/CDVDevice.m"; sourceTree = "<group>"; };
		0EE51ACA37694F74B525D4C8 /* GADInAppPurchaseDelegate.h */ = {isa = PBXFileReference; explicitFileType = undefined; fileEncoding = 4; includeInIndex = 0; lastKnownFileType = sourcecode.c.h; name = GADInAppPurchaseDelegate.h; path = com.cranberrygame.phonegap.plugin.ad.admob/GADInAppPurchaseDelegate.h; sourceTree = "<group>"; };
		17F6EC0B4C1944CCA6FB133B /* Admob.h */ = {isa = PBXFileReference; explicitFileType = undefined; fileEncoding = 4; includeInIndex = 0; lastKnownFileType = sourcecode.c.h; name = Admob.h; path = com.cranberrygame.phonegap.plugin.ad.admob/Admob.h; sourceTree = "<group>"; };
		1C156752A23745F4A7CC5886 /* libGoogleAdMobAds.a */ = {isa = PBXFileReference; explicitFileType = undefined; fileEncoding = 0; includeInIndex = 0; lastKnownFileType = archive.ar; name = libGoogleAdMobAds.a; path = ColorValley/Plugins/com.cranberrygame.phonegap.plugin.ad.admob/libGoogleAdMobAds.a; sourceTree = "<group>"; };
		1D3623240D0F684500981E51 /* AppDelegate.h */ = {isa = PBXFileReference; fileEncoding = 4; lastKnownFileType = sourcecode.c.h; path = AppDelegate.h; sourceTree = "<group>"; };
		1D3623250D0F684500981E51 /* AppDelegate.m */ = {isa = PBXFileReference; fileEncoding = 4; lastKnownFileType = sourcecode.c.objc; path = AppDelegate.m; sourceTree = "<group>"; };
		1D6058910D05DD3D006BFB54 /* ColorValley.app */ = {isa = PBXFileReference; explicitFileType = wrapper.application; includeInIndex = 0; path = ColorValley.app; sourceTree = BUILT_PRODUCTS_DIR; };
		29188A2D41E741208CA63F2D /* SystemConfiguration.framework */ = {isa = PBXFileReference; explicitFileType = undefined; fileEncoding = 0; includeInIndex = 0; lastKnownFileType = wrapper.framework; name = SystemConfiguration.framework; path = System/Library/Frameworks/SystemConfiguration.framework; sourceTree = SDKROOT; };
		29B97316FDCFA39411CA2CEA /* main.m */ = {isa = PBXFileReference; fileEncoding = 4; lastKnownFileType = sourcecode.c.objc; path = main.m; sourceTree = "<group>"; };
		2CA97DCF9C4C41FCA68FE7AD /* CDVViewController+SplashScreen.m */ = {isa = PBXFileReference; explicitFileType = undefined; fileEncoding = 4; includeInIndex = 0; lastKnownFileType = sourcecode.c.objc; name = "CDVViewController+SplashScreen.m"; path = "cordova-plugin-splashscreen/CDVViewController+SplashScreen.m"; sourceTree = "<group>"; };
		301BF52D109A57CC0062928A /* CordovaLib.xcodeproj */ = {isa = PBXFileReference; lastKnownFileType = "wrapper.pb-project"; name = CordovaLib.xcodeproj; path = CordovaLib/CordovaLib.xcodeproj; sourceTree = "<group>"; };
		301BF56E109A69640062928A /* www */ = {isa = PBXFileReference; lastKnownFileType = folder; path = www; sourceTree = SOURCE_ROOT; };
		302D95EE14D2391D003F00A1 /* MainViewController.h */ = {isa = PBXFileReference; fileEncoding = 4; lastKnownFileType = sourcecode.c.h; path = MainViewController.h; sourceTree = "<group>"; };
		302D95EF14D2391D003F00A1 /* MainViewController.m */ = {isa = PBXFileReference; fileEncoding = 4; lastKnownFileType = sourcecode.c.objc; path = MainViewController.m; sourceTree = "<group>"; };
		302D95F014D2391D003F00A1 /* MainViewController.xib */ = {isa = PBXFileReference; fileEncoding = 4; lastKnownFileType = file.xib; path = MainViewController.xib; sourceTree = "<group>"; };
		3047A50F1AB8059700498E2A /* build-debug.xcconfig */ = {isa = PBXFileReference; fileEncoding = 4; lastKnownFileType = text.xcconfig; name = "build-debug.xcconfig"; path = "cordova/build-debug.xcconfig"; sourceTree = SOURCE_ROOT; };
		3047A5101AB8059700498E2A /* build-release.xcconfig */ = {isa = PBXFileReference; fileEncoding = 4; lastKnownFileType = text.xcconfig; name = "build-release.xcconfig"; path = "cordova/build-release.xcconfig"; sourceTree = SOURCE_ROOT; };
		3047A5111AB8059700498E2A /* build.xcconfig */ = {isa = PBXFileReference; fileEncoding = 4; lastKnownFileType = text.xcconfig; name = build.xcconfig; path = cordova/build.xcconfig; sourceTree = SOURCE_ROOT; };
		32CA4F630368D1EE00C91783 /* ColorValley-Prefix.pch */ = {isa = PBXFileReference; fileEncoding = 4; lastKnownFileType = sourcecode.c.h; path = "ColorValley-Prefix.pch"; sourceTree = "<group>"; };
		35C19DDFEFF8441C9252AA0A /* CDVDevice.h */ = {isa = PBXFileReference; explicitFileType = undefined; fileEncoding = 4; includeInIndex = 0; lastKnownFileType = sourcecode.c.h; name = CDVDevice.h; path = "cordova-plugin-device/CDVDevice.h"; sourceTree = "<group>"; };
		4CCB347200AD46FEBA9815CD /* Chartboost.framework */ = {isa = PBXFileReference; explicitFileType = undefined; fileEncoding = 0; includeInIndex = 0; lastKnownFileType = wrapper.framework; name = Chartboost.framework; path = "ColorValley/Plugins/cordova-plugin-ad-chartboost/Chartboost.framework"; sourceTree = "<group>"; };
		5B3F5F2E792A437AA3B1CF3A /* Foundation.framework */ = {isa = PBXFileReference; explicitFileType = undefined; fileEncoding = 0; includeInIndex = 0; lastKnownFileType = wrapper.framework; name = Foundation.framework; path = System/Library/Frameworks/Foundation.framework; sourceTree = SDKROOT; };
		6158614B7578461FA747BF81 /* CoreTelephony.framework */ = {isa = PBXFileReference; explicitFileType = undefined; fileEncoding = 0; includeInIndex = 0; lastKnownFileType = wrapper.framework; name = CoreTelephony.framework; path = System/Library/Frameworks/CoreTelephony.framework; sourceTree = SDKROOT; };
		6D470EB0D2A14A4883140460 /* GADAdNetworkExtras.h */ = {isa = PBXFileReference; explicitFileType = undefined; fileEncoding = 4; includeInIndex = 0; lastKnownFileType = sourcecode.c.h; name = GADAdNetworkExtras.h; path = com.cranberrygame.phonegap.plugin.ad.admob/GADAdNetworkExtras.h; sourceTree = "<group>"; };
		7036AC948475431FBA26D948 /* CDVStatusBar.m */ = {isa = PBXFileReference; explicitFileType = undefined; fileEncoding = 4; includeInIndex = 0; lastKnownFileType = sourcecode.c.objc; name = CDVStatusBar.m; path = "cordova-plugin-statusbar/CDVStatusBar.m"; sourceTree = "<group>"; };
		7380F7AAD4F549308B4CF504 /* GADModules.h */ = {isa = PBXFileReference; explicitFileType = undefined; fileEncoding = 4; includeInIndex = 0; lastKnownFileType = sourcecode.c.h; name = GADModules.h; path = com.cranberrygame.phonegap.plugin.ad.admob/GADModules.h; sourceTree = "<group>"; };
		7E5D62C6D0044E3495DEFCBA /* GADAdMobExtras.h */ = {isa = PBXFileReference; explicitFileType = undefined; fileEncoding = 4; includeInIndex = 0; lastKnownFileType = sourcecode.c.h; name = GADAdMobExtras.h; path = com.cranberrygame.phonegap.plugin.ad.admob/GADAdMobExtras.h; sourceTree = "<group>"; };
		7F00510EC0D64F4295D76F14 /* GADAdSize.h */ = {isa = PBXFileReference; explicitFileType = undefined; fileEncoding = 4; includeInIndex = 0; lastKnownFileType = sourcecode.c.h; name = GADAdSize.h; path = com.cranberrygame.phonegap.plugin.ad.admob/GADAdSize.h; sourceTree = "<group>"; };
		8414ABCD13B44ABB89E5FA13 /* GADInAppPurchase.h */ = {isa = PBXFileReference; explicitFileType = undefined; fileEncoding = 4; includeInIndex = 0; lastKnownFileType = sourcecode.c.h; name = GADInAppPurchase.h; path = com.cranberrygame.phonegap.plugin.ad.admob/GADInAppPurchase.h; sourceTree = "<group>"; };
		8BFE54180AAA454AA616DCF5 /* GADRequestError.h */ = {isa = PBXFileReference; explicitFileType = undefined; fileEncoding = 4; includeInIndex = 0; lastKnownFileType = sourcecode.c.h; name = GADRequestError.h; path = com.cranberrygame.phonegap.plugin.ad.admob/GADRequestError.h; sourceTree = "<group>"; };
		8C7AA92478A945D6B48DCC52 /* StoreKit.framework */ = {isa = PBXFileReference; explicitFileType = undefined; fileEncoding = 0; includeInIndex = 0; lastKnownFileType = wrapper.framework; name = StoreKit.framework; path = System/Library/Frameworks/StoreKit.framework; sourceTree = SDKROOT; };
		8D1107310486CEB800E47090 /* ColorValley-Info.plist */ = {isa = PBXFileReference; fileEncoding = 4; lastKnownFileType = text.plist.xml; name = "ColorValley-Info.plist"; path = "ColorValley/ColorValley-Info.plist"; plistStructureDefinitionIdentifier = "com.apple.xcode.plist.structure-definition.iphone.info-plist"; sourceTree = SOURCE_ROOT; };
		91AC67D8F47A4A269B403A6A /* GADBannerView.h */ = {isa = PBXFileReference; explicitFileType = undefined; fileEncoding = 4; includeInIndex = 0; lastKnownFileType = sourcecode.c.h; name = GADBannerView.h; path = com.cranberrygame.phonegap.plugin.ad.admob/GADBannerView.h; sourceTree = "<group>"; };
		92A1F7126EF14172B291D85C /* GADRequest.h */ = {isa = PBXFileReference; explicitFileType = undefined; fileEncoding = 4; includeInIndex = 0; lastKnownFileType = sourcecode.c.h; name = GADRequest.h; path = com.cranberrygame.phonegap.plugin.ad.admob/GADRequest.h; sourceTree = "<group>"; };
		98389B3200284B52907715D3 /* AudioToolbox.framework */ = {isa = PBXFileReference; explicitFileType = undefined; fileEncoding = 0; includeInIndex = 0; lastKnownFileType = wrapper.framework; name = AudioToolbox.framework; path = System/Library/Frameworks/AudioToolbox.framework; sourceTree = SDKROOT; };
		9A899BC40F5E4E158408E6D5 /* AdSupport.framework */ = {isa = PBXFileReference; explicitFileType = undefined; fileEncoding = 0; includeInIndex = 0; lastKnownFileType = wrapper.framework; name = AdSupport.framework; path = System/Library/Frameworks/AdSupport.framework; sourceTree = SDKROOT; };
		9FDF33C7D35447C6840F1297 /* UIKit.framework */ = {isa = PBXFileReference; explicitFileType = undefined; fileEncoding = 0; includeInIndex = 0; lastKnownFileType = wrapper.framework; name = UIKit.framework; path = System/Library/Frameworks/UIKit.framework; sourceTree = SDKROOT; };
		A6853C36A33340359DE782D2 /* MessageUI.framework */ = {isa = PBXFileReference; explicitFileType = undefined; fileEncoding = 0; includeInIndex = 0; lastKnownFileType = wrapper.framework; name = MessageUI.framework; path = System/Library/Frameworks/MessageUI.framework; sourceTree = SDKROOT; };
		A8DC0082277F49CEA9F5DC03 /* Admob.m */ = {isa = PBXFileReference; explicitFileType = undefined; fileEncoding = 4; includeInIndex = 0; lastKnownFileType = sourcecode.c.objc; name = Admob.m; path = com.cranberrygame.phonegap.plugin.ad.admob/Admob.m; sourceTree = "<group>"; };
		AF6B2E011FBA45048F2042DA /* GADInterstitial.h */ = {isa = PBXFileReference; explicitFileType = undefined; fileEncoding = 4; includeInIndex = 0; lastKnownFileType = sourcecode.c.h; name = GADInterstitial.h; path = com.cranberrygame.phonegap.plugin.ad.admob/GADInterstitial.h; sourceTree = "<group>"; };
		B1C27C7C214249DF823165F6 /* CDVStatusBar.h */ = {isa = PBXFileReference; explicitFileType = undefined; fileEncoding = 4; includeInIndex = 0; lastKnownFileType = sourcecode.c.h; name = CDVStatusBar.h; path = "cordova-plugin-statusbar/CDVStatusBar.h"; sourceTree = "<group>"; };
		B93A3842AFAF49E8BE12FC6E /* EventKitUI.framework */ = {isa = PBXFileReference; explicitFileType = undefined; fileEncoding = 0; includeInIndex = 0; lastKnownFileType = wrapper.framework; name = EventKitUI.framework; path = System/Library/Frameworks/EventKitUI.framework; sourceTree = SDKROOT; };
		B99075CB58D943EEBE4480F0 /* EventKit.framework */ = {isa = PBXFileReference; explicitFileType = undefined; fileEncoding = 0; includeInIndex = 0; lastKnownFileType = wrapper.framework; name = EventKit.framework; path = System/Library/Frameworks/EventKit.framework; sourceTree = SDKROOT; };
		BD259FBE133243CF93DF913F /* CDVSplashScreen.m */ = {isa = PBXFileReference; explicitFileType = undefined; fileEncoding = 4; includeInIndex = 0; lastKnownFileType = sourcecode.c.objc; name = CDVSplashScreen.m; path = "cordova-plugin-splashscreen/CDVSplashScreen.m"; sourceTree = "<group>"; };
		BE680814142D4DB4AF804440 /* ChartboostPlugin.h */ = {isa = PBXFileReference; explicitFileType = undefined; fileEncoding = 4; includeInIndex = 0; lastKnownFileType = sourcecode.c.h; name = ChartboostPlugin.h; path = "cordova-plugin-ad-chartboost/ChartboostPlugin.h"; sourceTree = "<group>"; };
		C1211A9E04304AE9B60D8985 /* GADInterstitialDelegate.h */ = {isa = PBXFileReference; explicitFileType = undefined; fileEncoding = 4; includeInIndex = 0; lastKnownFileType = sourcecode.c.h; name = GADInterstitialDelegate.h; path = com.cranberrygame.phonegap.plugin.ad.admob/GADInterstitialDelegate.h; sourceTree = "<group>"; };
		C187187BF02C4725823B5748 /* ChartboostPlugin.m */ = {isa = PBXFileReference; explicitFileType = undefined; fileEncoding = 4; includeInIndex = 0; lastKnownFileType = sourcecode.c.objc; name = ChartboostPlugin.m; path = "cordova-plugin-ad-chartboost/ChartboostPlugin.m"; sourceTree = "<group>"; };
		D003CA0D5E5547D1AD5212BD /* CDVViewController+SplashScreen.h */ = {isa = PBXFileReference; explicitFileType = undefined; fileEncoding = 4; includeInIndex = 0; lastKnownFileType = sourcecode.c.h; name = "CDVViewController+SplashScreen.h"; path = "cordova-plugin-splashscreen/CDVViewController+SplashScreen.h"; sourceTree = "<group>"; };
		EB87FDF31871DA8E0020F90C /* www */ = {isa = PBXFileReference; lastKnownFileType = folder; name = www; path = ../../www; sourceTree = "<group>"; };
		EB87FDF41871DAF40020F90C /* config.xml */ = {isa = PBXFileReference; lastKnownFileType = text.xml; name = config.xml; path = ../../config.xml; sourceTree = "<group>"; };
		ED0A60C695254CA6A128F7DB /* CDVSplashScreen.h */ = {isa = PBXFileReference; explicitFileType = undefined; fileEncoding = 4; includeInIndex = 0; lastKnownFileType = sourcecode.c.h; name = CDVSplashScreen.h; path = "cordova-plugin-splashscreen/CDVSplashScreen.h"; sourceTree = "<group>"; };
		ED33DF2A687741AEAF9F8254 /* Bridging-Header.h */ = {isa = PBXFileReference; fileEncoding = 4; lastKnownFileType = sourcecode.c.h; path = "Bridging-Header.h"; sourceTree = "<group>"; };
		F840E1F0165FE0F500CFE078 /* config.xml */ = {isa = PBXFileReference; lastKnownFileType = text.xml; name = config.xml; path = ColorValley/config.xml; sourceTree = "<group>"; };
		FB81D8C2C06C485CADAC8062 /* GADBannerViewDelegate.h */ = {isa = PBXFileReference; explicitFileType = undefined; fileEncoding = 4; includeInIndex = 0; lastKnownFileType = sourcecode.c.h; name = GADBannerViewDelegate.h; path = com.cranberrygame.phonegap.plugin.ad.admob/GADBannerViewDelegate.h; sourceTree = "<group>"; };
/* End PBXFileReference section */

/* Begin PBXFrameworksBuildPhase section */
		1D60588F0D05DD3D006BFB54 /* Frameworks */ = {
			isa = PBXFrameworksBuildPhase;
			buildActionMask = 2147483647;
			files = (
				301BF552109A68D80062928A /* libCordova.a in Frameworks */,
				7CFD1EDF1A904798941053BC /* libGoogleAdMobAds.a in Frameworks */,
				033BDBD273254B4485246B3B /* StoreKit.framework in Frameworks */,
				8F4C5521ECB142348B38C986 /* AudioToolbox.framework in Frameworks */,
				A1B49F2124D54CF3825D2DFC /* MessageUI.framework in Frameworks */,
				070CD30BD29E44D681DF1CCA /* SystemConfiguration.framework in Frameworks */,
				6CFDBA3E1FED4BFA9E9A1A60 /* AdSupport.framework in Frameworks */,
				591F591F40874521BCF09184 /* CoreTelephony.framework in Frameworks */,
				9C3B5B67D782408BA2C55AE2 /* EventKit.framework in Frameworks */,
				9AE10863AC5C40E8A0893EF8 /* EventKitUI.framework in Frameworks */,
				71AC5C73DFA74188A24E985A /* Chartboost.framework in Frameworks */,
				D8F69E11E4924EB6B9FE8F10 /* Foundation.framework in Frameworks */,
				EDAA37D6A0FC4994A3F76FD1 /* UIKit.framework in Frameworks */,
			);
			runOnlyForDeploymentPostprocessing = 0;
		};
/* End PBXFrameworksBuildPhase section */

/* Begin PBXGroup section */
		080E96DDFE201D6D7F000001 /* Classes */ = {
			isa = PBXGroup;
			children = (
				302D95EE14D2391D003F00A1 /* MainViewController.h */,
				302D95EF14D2391D003F00A1 /* MainViewController.m */,
				302D95F014D2391D003F00A1 /* MainViewController.xib */,
				1D3623240D0F684500981E51 /* AppDelegate.h */,
				1D3623250D0F684500981E51 /* AppDelegate.m */,
			);
			name = Classes;
			path = ColorValley/Classes;
			sourceTree = SOURCE_ROOT;
		};
		19C28FACFE9D520D11CA2CBB /* Products */ = {
			isa = PBXGroup;
			children = (
				1D6058910D05DD3D006BFB54 /* ColorValley.app */,
			);
			name = Products;
			sourceTree = "<group>";
		};
		29B97314FDCFA39411CA2CEA /* CustomTemplate */ = {
			isa = PBXGroup;
			children = (
				EB87FDF41871DAF40020F90C /* config.xml */,
				EB87FDF31871DA8E0020F90C /* www */,
				EB87FDF11871DA420020F90C /* Staging */,
				301BF52D109A57CC0062928A /* CordovaLib.xcodeproj */,
				080E96DDFE201D6D7F000001 /* Classes */,
				307C750510C5A3420062BCA9 /* Plugins */,
				29B97315FDCFA39411CA2CEA /* Other Sources */,
				29B97317FDCFA39411CA2CEA /* Resources */,
				29B97323FDCFA39411CA2CEA /* Frameworks */,
				19C28FACFE9D520D11CA2CBB /* Products */,
			);
			name = CustomTemplate;
			sourceTree = "<group>";
		};
		29B97315FDCFA39411CA2CEA /* Other Sources */ = {
			isa = PBXGroup;
			children = (
				32CA4F630368D1EE00C91783 /* ColorValley-Prefix.pch */,
				29B97316FDCFA39411CA2CEA /* main.m */,
				ED33DF2A687741AEAF9F8254 /* Bridging-Header.h */,
			);
			name = "Other Sources";
			path = ColorValley;
			sourceTree = "<group>";
		};
		29B97317FDCFA39411CA2CEA /* Resources */ = {
			isa = PBXGroup;
			children = (
				0207DA571B56EA530066E2B4 /* Images.xcassets */,
				3047A50E1AB8057F00498E2A /* config */,
				8D1107310486CEB800E47090 /* ColorValley-Info.plist */,
			);
			name = Resources;
			path = ColorValley/Resources;
			sourceTree = "<group>";
		};
		29B97323FDCFA39411CA2CEA /* Frameworks */ = {
			isa = PBXGroup;
			children = (
				1C156752A23745F4A7CC5886 /* libGoogleAdMobAds.a */,
				8C7AA92478A945D6B48DCC52 /* StoreKit.framework */,
				98389B3200284B52907715D3 /* AudioToolbox.framework */,
				A6853C36A33340359DE782D2 /* MessageUI.framework */,
				29188A2D41E741208CA63F2D /* SystemConfiguration.framework */,
				9A899BC40F5E4E158408E6D5 /* AdSupport.framework */,
				6158614B7578461FA747BF81 /* CoreTelephony.framework */,
				B99075CB58D943EEBE4480F0 /* EventKit.framework */,
				B93A3842AFAF49E8BE12FC6E /* EventKitUI.framework */,
				4CCB347200AD46FEBA9815CD /* Chartboost.framework */,
				5B3F5F2E792A437AA3B1CF3A /* Foundation.framework */,
				9FDF33C7D35447C6840F1297 /* UIKit.framework */,
			);
			name = Frameworks;
			sourceTree = "<group>";
		};
		301BF52E109A57CC0062928A /* Products */ = {
			isa = PBXGroup;
			children = (
				301BF535109A57CC0062928A /* libCordova.a */,
			);
			name = Products;
			sourceTree = "<group>";
		};
		3047A50E1AB8057F00498E2A /* config */ = {
			isa = PBXGroup;
			children = (
				3047A50F1AB8059700498E2A /* build-debug.xcconfig */,
				3047A5101AB8059700498E2A /* build-release.xcconfig */,
				3047A5111AB8059700498E2A /* build.xcconfig */,
			);
			name = config;
			sourceTree = "<group>";
		};
		307C750510C5A3420062BCA9 /* Plugins */ = {
			isa = PBXGroup;
			children = (
				A8DC0082277F49CEA9F5DC03 /* Admob.m */,
				17F6EC0B4C1944CCA6FB133B /* Admob.h */,
				7E5D62C6D0044E3495DEFCBA /* GADAdMobExtras.h */,
				6D470EB0D2A14A4883140460 /* GADAdNetworkExtras.h */,
				7F00510EC0D64F4295D76F14 /* GADAdSize.h */,
				91AC67D8F47A4A269B403A6A /* GADBannerView.h */,
				FB81D8C2C06C485CADAC8062 /* GADBannerViewDelegate.h */,
				8414ABCD13B44ABB89E5FA13 /* GADInAppPurchase.h */,
				0EE51ACA37694F74B525D4C8 /* GADInAppPurchaseDelegate.h */,
				AF6B2E011FBA45048F2042DA /* GADInterstitial.h */,
				C1211A9E04304AE9B60D8985 /* GADInterstitialDelegate.h */,
				7380F7AAD4F549308B4CF504 /* GADModules.h */,
				92A1F7126EF14172B291D85C /* GADRequest.h */,
				8BFE54180AAA454AA616DCF5 /* GADRequestError.h */,
				C187187BF02C4725823B5748 /* ChartboostPlugin.m */,
				BE680814142D4DB4AF804440 /* ChartboostPlugin.h */,
				07B5671798394D3B95BED907 /* CDVDevice.m */,
				35C19DDFEFF8441C9252AA0A /* CDVDevice.h */,
				BD259FBE133243CF93DF913F /* CDVSplashScreen.m */,
				2CA97DCF9C4C41FCA68FE7AD /* CDVViewController+SplashScreen.m */,
				ED0A60C695254CA6A128F7DB /* CDVSplashScreen.h */,
				D003CA0D5E5547D1AD5212BD /* CDVViewController+SplashScreen.h */,
				7036AC948475431FBA26D948 /* CDVStatusBar.m */,
				B1C27C7C214249DF823165F6 /* CDVStatusBar.h */,
			);
			name = Plugins;
			path = ColorValley/Plugins;
			sourceTree = SOURCE_ROOT;
		};
		EB87FDF11871DA420020F90C /* Staging */ = {
			isa = PBXGroup;
			children = (
				F840E1F0165FE0F500CFE078 /* config.xml */,
				301BF56E109A69640062928A /* www */,
			);
			name = Staging;
			sourceTree = "<group>";
		};
/* End PBXGroup section */

/* Begin PBXNativeTarget section */
		1D6058900D05DD3D006BFB54 /* ColorValley */ = {
			isa = PBXNativeTarget;
			buildConfigurationList = 1D6058960D05DD3E006BFB54 /* Build configuration list for PBXNativeTarget "ColorValley" */;
			buildPhases = (
				304B58A110DAC018002A0835 /* Copy www directory */,
				1D60588D0D05DD3D006BFB54 /* Resources */,
				1D60588E0D05DD3D006BFB54 /* Sources */,
				1D60588F0D05DD3D006BFB54 /* Frameworks */,
			);
			buildRules = (
			);
			dependencies = (
				301BF551109A68C00062928A /* PBXTargetDependency */,
			);
			name = ColorValley;
			productName = ColorValley;
			productReference = 1D6058910D05DD3D006BFB54 /* ColorValley.app */;
			productType = "com.apple.product-type.application";
		};
/* End PBXNativeTarget section */

/* Begin PBXProject section */
		29B97313FDCFA39411CA2CEA /* Project object */ = {
			isa = PBXProject;
			attributes = {
				LastUpgradeCheck = 510;
				TargetAttributes = {
					1D6058900D05DD3D006BFB54 = {
						DevelopmentTeam = H9KBAP9U98;
					};
				};
			};
			buildConfigurationList = C01FCF4E08A954540054247B /* Build configuration list for PBXProject "ColorValley" */;
			compatibilityVersion = "Xcode 3.2";
			developmentRegion = English;
			hasScannedForEncodings = 1;
			knownRegions = (
				en,
			);
			mainGroup = 29B97314FDCFA39411CA2CEA /* CustomTemplate */;
			projectDirPath = "";
			projectReferences = (
				{
					ProductGroup = 301BF52E109A57CC0062928A /* Products */;
					ProjectRef = 301BF52D109A57CC0062928A /* CordovaLib.xcodeproj */;
				},
			);
			projectRoot = "";
			targets = (
				1D6058900D05DD3D006BFB54 /* ColorValley */,
			);
		};
/* End PBXProject section */

/* Begin PBXReferenceProxy section */
		301BF535109A57CC0062928A /* libCordova.a */ = {
			isa = PBXReferenceProxy;
			fileType = archive.ar;
			path = libCordova.a;
			remoteRef = 301BF534109A57CC0062928A /* PBXContainerItemProxy */;
			sourceTree = BUILT_PRODUCTS_DIR;
		};
/* End PBXReferenceProxy section */

/* Begin PBXResourcesBuildPhase section */
		1D60588D0D05DD3D006BFB54 /* Resources */ = {
			isa = PBXResourcesBuildPhase;
			buildActionMask = 2147483647;
			files = (
				302D95F214D2391D003F00A1 /* MainViewController.xib in Resources */,
				3047A5131AB8059700498E2A /* build-release.xcconfig in Resources */,
				3047A5141AB8059700498E2A /* build.xcconfig in Resources */,
				0207DA581B56EA530066E2B4 /* Images.xcassets in Resources */,
				3047A5121AB8059700498E2A /* build-debug.xcconfig in Resources */,
			);
			runOnlyForDeploymentPostprocessing = 0;
		};
/* End PBXResourcesBuildPhase section */

/* Begin PBXShellScriptBuildPhase section */
		304B58A110DAC018002A0835 /* Copy www directory */ = {
			isa = PBXShellScriptBuildPhase;
			buildActionMask = 2147483647;
			files = (
			);
			inputPaths = (
			);
			name = "Copy www directory";
			outputPaths = (
			);
			runOnlyForDeploymentPostprocessing = 0;
			shellPath = /bin/sh;
			shellScript = "NODEJS_PATH=/usr/local/bin; NVM_NODE_PATH=~/.nvm/versions/node/`nvm version 2>/dev/null`/bin; N_NODE_PATH=`find /usr/local/n/versions/node/* -maxdepth 0 -type d 2>/dev/null | tail -1`/bin; XCODE_NODE_PATH=`xcode-select --print-path`/usr/share/xcs/Node/bin; PATH=$NODEJS_PATH:$NVM_NODE_PATH:$N_NODE_PATH:$XCODE_NODE_PATH:$PATH && node cordova/lib/copy-www-build-step.js";
			showEnvVarsInLog = 0;
		};
/* End PBXShellScriptBuildPhase section */

/* Begin PBXSourcesBuildPhase section */
		1D60588E0D05DD3D006BFB54 /* Sources */ = {
			isa = PBXSourcesBuildPhase;
			buildActionMask = 2147483647;
			files = (
				1D60589B0D05DD56006BFB54 /* main.m in Sources */,
				1D3623260D0F684500981E51 /* AppDelegate.m in Sources */,
				302D95F114D2391D003F00A1 /* MainViewController.m in Sources */,
				549195E59C0941788B9CB0B3 /* Admob.m in Sources */,
				156C58F203824A1184E4B496 /* ChartboostPlugin.m in Sources */,
				FB7F43C57FCC413494145601 /* CDVDevice.m in Sources */,
				E6C9D7AF6AC442E487F18CDB /* CDVSplashScreen.m in Sources */,
				6DB436B2206E42A2814F18A6 /* CDVViewController+SplashScreen.m in Sources */,
				80D693975B9645E5BEEAEB71 /* CDVStatusBar.m in Sources */,
			);
			runOnlyForDeploymentPostprocessing = 0;
		};
/* End PBXSourcesBuildPhase section */

/* Begin PBXTargetDependency section */
		301BF551109A68C00062928A /* PBXTargetDependency */ = {
			isa = PBXTargetDependency;
			name = CordovaLib;
			targetProxy = 301BF550109A68C00062928A /* PBXContainerItemProxy */;
		};
/* End PBXTargetDependency section */

/* Begin XCBuildConfiguration section */
		1D6058940D05DD3E006BFB54 /* Debug */ = {
			isa = XCBuildConfiguration;
			baseConfigurationReference = 3047A50F1AB8059700498E2A /* build-debug.xcconfig */;
			buildSettings = {
				ALWAYS_SEARCH_USER_PATHS = NO;
				ASSETCATALOG_COMPILER_APPICON_NAME = AppIcon;
				ASSETCATALOG_COMPILER_LAUNCHIMAGE_NAME = LaunchImage;
				CLANG_ENABLE_MODULES = YES;
				CLANG_ENABLE_OBJC_ARC = YES;
				CODE_SIGN_IDENTITY = "iPhone Developer";
				"CODE_SIGN_IDENTITY[sdk=iphoneos*]" = "iPhone Developer";
				COPY_PHASE_STRIP = NO;
				FRAMEWORK_SEARCH_PATHS = (
					"$(inherited)",
					"\"ColorValley/Plugins/cordova-plugin-ad-chartboost\"",
				);
				GCC_DYNAMIC_NO_PIC = NO;
				GCC_OPTIMIZATION_LEVEL = 0;
				GCC_PRECOMPILE_PREFIX_HEADER = YES;
				GCC_PREFIX_HEADER = "ColorValley/ColorValley-Prefix.pch";
				GCC_THUMB_SUPPORT = NO;
				GCC_VERSION = "";
				INFOPLIST_FILE = "ColorValley/ColorValley-Info.plist";
				IPHONEOS_DEPLOYMENT_TARGET = 6.0;
				LD_RUNPATH_SEARCH_PATHS = "@executable_path/Frameworks";
				LIBRARY_SEARCH_PATHS = (
					"$(inherited)",
					"\"$(SRCROOT)/ColorValley/Plugins/com.cranberrygame.phonegap.plugin.ad.admob\"",
				);
				PRODUCT_NAME = ColorValley;
				PROVISIONING_PROFILE = "";
			};
			name = Debug;
		};
		1D6058950D05DD3E006BFB54 /* Release */ = {
			isa = XCBuildConfiguration;
			baseConfigurationReference = 3047A5101AB8059700498E2A /* build-release.xcconfig */;
			buildSettings = {
				ALWAYS_SEARCH_USER_PATHS = NO;
				ASSETCATALOG_COMPILER_APPICON_NAME = AppIcon;
				ASSETCATALOG_COMPILER_LAUNCHIMAGE_NAME = LaunchImage;
				CLANG_ENABLE_MODULES = YES;
				CLANG_ENABLE_OBJC_ARC = YES;
				CODE_SIGN_IDENTITY = "iPhone Developer";
				"CODE_SIGN_IDENTITY[sdk=iphoneos*]" = "iPhone Developer";
				COPY_PHASE_STRIP = YES;
				FRAMEWORK_SEARCH_PATHS = (
					"$(inherited)",
					"\"ColorValley/Plugins/cordova-plugin-ad-chartboost\"",
				);
				GCC_PRECOMPILE_PREFIX_HEADER = YES;
				GCC_PREFIX_HEADER = "ColorValley/ColorValley-Prefix.pch";
				GCC_THUMB_SUPPORT = NO;
				GCC_VERSION = "";
				INFOPLIST_FILE = "ColorValley/ColorValley-Info.plist";
				IPHONEOS_DEPLOYMENT_TARGET = 6.0;
				LIBRARY_SEARCH_PATHS = (
					"$(inherited)",
					"\"$(SRCROOT)/ColorValley/Plugins/com.cranberrygame.phonegap.plugin.ad.admob\"",
				);
				PRODUCT_NAME = ColorValley;
				PROVISIONING_PROFILE = "";
			};
			name = Release;
		};
		C01FCF4F08A954540054247B /* Debug */ = {
			isa = XCBuildConfiguration;
			baseConfigurationReference = 3047A5111AB8059700498E2A /* build.xcconfig */;
			buildSettings = {
				CLANG_ENABLE_MODULES = YES;
				CLANG_ENABLE_OBJC_ARC = YES;
				CLANG_WARN_BOOL_CONVERSION = YES;
				CLANG_WARN_CONSTANT_CONVERSION = YES;
				CLANG_WARN_EMPTY_BODY = YES;
				CLANG_WARN_ENUM_CONVERSION = YES;
				CLANG_WARN_INT_CONVERSION = YES;
				CLANG_WARN__DUPLICATE_METHOD_MATCH = YES;
				GCC_C_LANGUAGE_STANDARD = c99;
				GCC_THUMB_SUPPORT = NO;
				GCC_VERSION = "";
				GCC_WARN_ABOUT_RETURN_TYPE = YES;
				GCC_WARN_UNDECLARED_SELECTOR = YES;
				GCC_WARN_UNINITIALIZED_AUTOS = YES;
				GCC_WARN_UNUSED_FUNCTION = YES;
				GCC_WARN_UNUSED_VARIABLE = YES;
				ONLY_ACTIVE_ARCH = YES;
				SDKROOT = iphoneos;
				SKIP_INSTALL = NO;
			};
			name = Debug;
		};
		C01FCF5008A954540054247B /* Release */ = {
			isa = XCBuildConfiguration;
			baseConfigurationReference = 3047A5111AB8059700498E2A /* build.xcconfig */;
			buildSettings = {
				CLANG_ENABLE_MODULES = YES;
				CLANG_ENABLE_OBJC_ARC = YES;
				CLANG_WARN_BOOL_CONVERSION = YES;
				CLANG_WARN_CONSTANT_CONVERSION = YES;
				CLANG_WARN_EMPTY_BODY = YES;
				CLANG_WARN_ENUM_CONVERSION = YES;
				CLANG_WARN_INT_CONVERSION = YES;
				CLANG_WARN__DUPLICATE_METHOD_MATCH = YES;
				GCC_C_LANGUAGE_STANDARD = c99;
				GCC_THUMB_SUPPORT = NO;
				GCC_VERSION = "";
				GCC_WARN_ABOUT_RETURN_TYPE = YES;
				GCC_WARN_UNDECLARED_SELECTOR = YES;
				GCC_WARN_UNINITIALIZED_AUTOS = YES;
				GCC_WARN_UNUSED_FUNCTION = YES;
				GCC_WARN_UNUSED_VARIABLE = YES;
				SDKROOT = iphoneos;
				SKIP_INSTALL = NO;
			};
			name = Release;
		};
/* End XCBuildConfiguration section */

/* Begin XCConfigurationList section */
		1D6058960D05DD3E006BFB54 /* Build configuration list for PBXNativeTarget "ColorValley" */ = {
			isa = XCConfigurationList;
			buildConfigurations = (
				1D6058940D05DD3E006BFB54 /* Debug */,
				1D6058950D05DD3E006BFB54 /* Release */,
			);
			defaultConfigurationIsVisible = 0;
			defaultConfigurationName = Release;
		};
		C01FCF4E08A954540054247B /* Build configuration list for PBXProject "ColorValley" */ = {
			isa = XCConfigurationList;
			buildConfigurations = (
				C01FCF4F08A954540054247B /* Debug */,
				C01FCF5008A954540054247B /* Release */,
			);
			defaultConfigurationIsVisible = 0;
			defaultConfigurationName = Release;
		};
/* End XCConfigurationList section */
	};
	rootObject = 29B97313FDCFA39411CA2CEA /* Project object */;
}
